{
  "definition": "./",
  "optionals": [],
  "private": {
    "libraries": [ {
      "definition": "../",
      "hash": "4f491249e6def236937dbfac7602852e7d99aff8",
      "name": "Zefiros-Software/DocoptCpp",
      "repository": "https://github.com/docopt/docopt.cpp.git",
      "tag": "HEAD",
      "versionRequirement": "@head"
    } ],
    "modules": [ {
      "definition": "https://github.com/Zefiros-Software/ZefirosDefaults.git",
      "hash": "66cac4a6aa7f109e0fb8ce9daaac9f4330307b46",
      "name": "Zefiros-Software/Defaults",
      "public": {
        "libraries": [ {
          "definition": "https://github.com/Zefiros-Software/GoogleTest.git",
          "hash": "08d5b1f33af8c18785fb8ca02792b5fac81e248f",
          "name": "Zefiros-Software/GoogleTest",
          "repository": "https://github.com/google/googletest.git",
          "tag": "HEAD",
          "versionRequirement": "@head || ^1.0.0"
        }, {
          "definition": "https://github.com/Zefiros-Software/GoogleBenchmark.git",
          "hash": "6d74c0625b8e88c1afce72b4f383c91b9a99dbe6",
          "name": "Zefiros-Software/GoogleBenchmark",
          "repository": "https://github.com/google/benchmark.git",
          "tag": "HEAD",
          "versionRequirement": "@head"
        } ]
      },
      "repository": "https://github.com/Zefiros-Software/ZefirosDefaults.git",
      "tag": "HEAD",
      "versionRequirement": "@head"
    } ]
  },
  "repository": "./"
}